
Microsoft Visual Studio Solution File, Format Version 12.00
# Visual Studio Version 16
VisualStudioVersion = 16.0.30204.135
MinimumVisualStudioVersion = 10.0.40219.1
Project("{9A19103F-16F7-4668-BE54-9A1E7A4F7556}") = "CoTECAPI", "CoTEC_API\CoTECAPI.csproj", "{1C397A32-955F-4863-97D0-AA689D02134D}"
EndProject
Global
	GlobalSection(SolutionConfigurationPlatforms) = preSolution
		Debug|Any CPU = Debug|Any CPU
		Release|Any CPU = Release|Any CPU
	EndGlobalSection
	GlobalSection(ProjectConfigurationPlatforms) = postSolution
		{1C397A32-955F-4863-97D0-AA689D02134D}.Debug|Any CPU.ActiveCfg = Debug|Any CPU
		{1C397A32-955F-4863-97D0-AA689D02134D}.Debug|Any CPU.Build.0 = Debug|Any CPU
		{1C397A32-955F-4863-97D0-AA689D02134D}.Release|Any CPU.ActiveCfg = Release|Any CPU
		{1C397A32-955F-4863-97D0-AA689D02134D}.Release|Any CPU.Build.0 = Release|Any CPU
	EndGlobalSection
	GlobalSection(SolutionProperties) = preSolution
		HideSolutionNode = FALSE
	EndGlobalSection
	GlobalSection(ExtensibilityGlobals) = postSolution
		SolutionGuid = {D9611A21-B02B-4497-A5B0-1CB711B30906}
	EndGlobalSection
EndGlobal
